
Microsoft Visual Studio Solution File, Format Version 12.00
# Visual Studio 15
VisualStudioVersion = 15.0.28307.1169
MinimumVisualStudioVersion = 10.0.40219.1
Project("{FAE04EC0-301F-11D3-BF4B-00C04F79EFBC}") = "MyProject.Common", "MyProject.Common\MyProject.Common.csproj", "{86FD2BAA-BEF3-4B98-A09B-8438DBA25458}"
EndProject
Project("{FAE04EC0-301F-11D3-BF4B-00C04F79EFBC}") = "MyProject.Model", "MyProject.Model\MyProject.Model.csproj", "{81A48934-F518-440F-ABD3-50515C3D4DEE}"
EndProject
Project("{FAE04EC0-301F-11D3-BF4B-00C04F79EFBC}") = "MyProject.Data", "MyProject.Data\MyProject.Data.csproj", "{39C55750-CF49-4A44-93B3-D2FB92AFD445}"
EndProject
Project("{FAE04EC0-301F-11D3-BF4B-00C04F79EFBC}") = "MyProject.Service", "MyProject.Service\MyProject.Service.csproj", "{47DDC32A-2AFF-4C17-80A0-293EE8F74956}"
EndProject
Project("{FAE04EC0-301F-11D3-BF4B-00C04F79EFBC}") = "MyProject.UnitTest", "MyProject.UnitTest\MyProject.UnitTest.csproj", "{1F1B8C1C-6EA0-47F9-A077-E9D6837A0B42}"
EndProject
Project("{FAE04EC0-301F-11D3-BF4B-00C04F79EFBC}") = "MyProject.Web", "MyProject.Web\MyProject.Web.csproj", "{4D6B2D01-CE76-42E0-A87E-7282661E5500}"
EndProject
Global
	GlobalSection(SolutionConfigurationPlatforms) = preSolution
		Debug|Any CPU = Debug|Any CPU
		Release|Any CPU = Release|Any CPU
	EndGlobalSection
	GlobalSection(ProjectConfigurationPlatforms) = postSolution
		{86FD2BAA-BEF3-4B98-A09B-8438DBA25458}.Debug|Any CPU.ActiveCfg = Debug|Any CPU
		{86FD2BAA-BEF3-4B98-A09B-8438DBA25458}.Debug|Any CPU.Build.0 = Debug|Any CPU
		{86FD2BAA-BEF3-4B98-A09B-8438DBA25458}.Release|Any CPU.ActiveCfg = Release|Any CPU
		{86FD2BAA-BEF3-4B98-A09B-8438DBA25458}.Release|Any CPU.Build.0 = Release|Any CPU
		{81A48934-F518-440F-ABD3-50515C3D4DEE}.Debug|Any CPU.ActiveCfg = Debug|Any CPU
		{81A48934-F518-440F-ABD3-50515C3D4DEE}.Debug|Any CPU.Build.0 = Debug|Any CPU
		{81A48934-F518-440F-ABD3-50515C3D4DEE}.Release|Any CPU.ActiveCfg = Release|Any CPU
		{81A48934-F518-440F-ABD3-50515C3D4DEE}.Release|Any CPU.Build.0 = Release|Any CPU
		{39C55750-CF49-4A44-93B3-D2FB92AFD445}.Debug|Any CPU.ActiveCfg = Debug|Any CPU
		{39C55750-CF49-4A44-93B3-D2FB92AFD445}.Debug|Any CPU.Build.0 = Debug|Any CPU
		{39C55750-CF49-4A44-93B3-D2FB92AFD445}.Release|Any CPU.ActiveCfg = Release|Any CPU
		{39C55750-CF49-4A44-93B3-D2FB92AFD445}.Release|Any CPU.Build.0 = Release|Any CPU
		{47DDC32A-2AFF-4C17-80A0-293EE8F74956}.Debug|Any CPU.ActiveCfg = Debug|Any CPU
		{47DDC32A-2AFF-4C17-80A0-293EE8F74956}.Debug|Any CPU.Build.0 = Debug|Any CPU
		{47DDC32A-2AFF-4C17-80A0-293EE8F74956}.Release|Any CPU.ActiveCfg = Release|Any CPU
		{47DDC32A-2AFF-4C17-80A0-293EE8F74956}.Release|Any CPU.Build.0 = Release|Any CPU
		{1F1B8C1C-6EA0-47F9-A077-E9D6837A0B42}.Debug|Any CPU.ActiveCfg = Debug|Any CPU
		{1F1B8C1C-6EA0-47F9-A077-E9D6837A0B42}.Debug|Any CPU.Build.0 = Debug|Any CPU
		{1F1B8C1C-6EA0-47F9-A077-E9D6837A0B42}.Release|Any CPU.ActiveCfg = Release|Any CPU
		{1F1B8C1C-6EA0-47F9-A077-E9D6837A0B42}.Release|Any CPU.Build.0 = Release|Any CPU
		{4D6B2D01-CE76-42E0-A87E-7282661E5500}.Debug|Any CPU.ActiveCfg = Debug|Any CPU
		{4D6B2D01-CE76-42E0-A87E-7282661E5500}.Debug|Any CPU.Build.0 = Debug|Any CPU
		{4D6B2D01-CE76-42E0-A87E-7282661E5500}.Release|Any CPU.ActiveCfg = Release|Any CPU
		{4D6B2D01-CE76-42E0-A87E-7282661E5500}.Release|Any CPU.Build.0 = Release|Any CPU
	EndGlobalSection
	GlobalSection(SolutionProperties) = preSolution
		HideSolutionNode = FALSE
	EndGlobalSection
	GlobalSection(ExtensibilityGlobals) = postSolution
		SolutionGuid = {CB449FDC-4C4A-426C-8AC3-08EB6C533C42}
	EndGlobalSection
EndGlobal
